{
  "name": "headless",
  "version": "1.0.0",
  "lockfileVersion": 1,
  "requires": true,
  "dependencies": {
    "async": {
      "version": "0.2.10",
      "resolved": "https://registry.npmjs.org/async/-/async-0.2.10.tgz",
      "integrity": "sha1-trvgsGdLnXGXCMo43owjfLUmw9E="
    },
    "babel-eslint": {
      "version": "7.2.3",
      "resolved": "https://registry.npmjs.org/babel-eslint/-/babel-eslint-7.2.3.tgz",
      "integrity": "sha1-sv4tgBJkcPXBlELcdXJTqJdxCCc="
    },
    "buffered-spawn": {
      "version": "1.1.2",
      "resolved": "https://registry.npmjs.org/buffered-spawn/-/buffered-spawn-1.1.2.tgz",
      "integrity": "sha1-Ia2XNd+/ZXZ0W+DXSiPvJXvzxY0="
    },
    "chrome-remote-interface": {
      "version": "0.23.2",
      "resolved": "https://registry.npmjs.org/chrome-remote-interface/-/chrome-remote-interface-0.23.2.tgz",
      "integrity": "sha512-OGFpydQFcOUia3hnhYf8XgZ43KijxbDjyqNyIhhO3bley8gMWJyHyMik3EvxN6md9SR1xrXv8OOzlcRatk4dng=="
    },
    "commander": {
      "version": "2.9.0",
      "resolved": "https://registry.npmjs.org/commander/-/commander-2.9.0.tgz",
      "integrity": "sha1-nJkJQXbhIkDLItbFFGCYQA/g99Q=",
      "requires": {
        "graceful-readlink": ">= 1.0.0"
      }
    },
    "csv-parse": {
      "version": "1.2.0",
      "resolved": "https://registry.npmjs.org/csv-parse/-/csv-parse-1.2.0.tgz",
      "integrity": "sha1-BHtzhoq5qFdG6IX2N/ntD7ZFpCU="
    },
    "eslint": {
      "version": "4.0.0",
      "resolved": "https://registry.npmjs.org/eslint/-/eslint-4.0.0.tgz",
      "integrity": "sha1-cnfAFDf99B3M0WjVqg5Jt1yh8mA="
    },
    "gm": {
      "version": "1.21.1",
      "resolved": "https://registry.npmjs.org/gm/-/gm-1.21.1.tgz",
      "integrity": "sha1-ftXtBds20wwZQ/OcO8HIObjyNh0=",
      "dependencies": {
        "debug": {
          "version": "2.2.0",
          "resolved": "https://registry.npmjs.org/debug/-/debug-2.2.0.tgz",
          "integrity": "sha1-+HBX6ZWxofauaklgZkE3vFbwOdo="
        },
        "ms": {
          "version": "0.7.1",
          "resolved": "https://registry.npmjs.org/ms/-/ms-0.7.1.tgz",
          "integrity": "sha1-nNE8A62/8ltl7/3nzoZO6VIBcJg="
        }
      }
    },
    "graceful-readlink": {
      "version": "1.0.1",
      "resolved": "https://registry.npmjs.org/graceful-readlink/-/graceful-readlink-1.0.1.tgz",
      "integrity": "sha1-TK+tdrxi8C+gObL5Tpo906ORpyU="
    },
    "image-diff": {
      "version": "2.0.0",
      "resolved": "https://registry.npmjs.org/image-diff/-/image-diff-2.0.0.tgz",
      "integrity": "sha512-67yraTX1T9U7KzpWRpamjVKkkijP5ktGHnHSqKx4luZ1D5eTvCLDBF6vgxbWafqw8V1ogjYIDc6aOkXxDO0Tlg==",
      "requires": {
        "async": "~0.2.9",
        "buffered-spawn": "~1.1.1",
        "commander": "~2.9.0",
        "gm": "~1.21.1",
        "mkdirp": "~0.3.5",
        "tmp": "0.0.23"
      },
      "dependencies": {
        "mkdirp": {
          "version": "0.3.5",
          "resolved": "https://registry.npmjs.org/mkdirp/-/mkdirp-0.3.5.tgz",
          "integrity": "sha1-3j5fiWHIjHh+4TaN+EmsRBPsqNc="
        },
        "tmp": {
          "version": "0.0.23",
          "resolved": "https://registry.npmjs.org/tmp/-/tmp-0.0.23.tgz",
          "integrity": "sha1-3odKpel0qF8KMs39vXRmPLO9nHQ="
        }
      }
    },
    "inquirer": {
      "version": "3.1.1",
      "resolved": "https://registry.npmjs.org/inquirer/-/inquirer-3.1.1.tgz",
      "integrity": "sha512-H50sHQwgvvaTBd3HpKMVtL/u6LoHDvYym51gd7bGQe/+9HkCE+J0/3N5FJLfd6O6oz44hHewC2Pc2LodzWVafQ=="
    },
    "nodemon": {
      "version": "1.11.0",
      "resolved": "https://registry.npmjs.org/nodemon/-/nodemon-1.11.0.tgz",
      "integrity": "sha1-ImxWK9KnsT09dRi0mtSCijYj0Gw="
    }
  }
}
